Microsoft Visual Studio Solution File, Format Version 12.00
# Visual Studio Version 17
VisualStudioVersion = 17.5.2.0
MinimumVisualStudioVersion = 10.0.40219.1
Project("{FAE04EC0-301F-11D3-BF4B-00C04F79EFBC}") = "Microsoft.MCP", "src\Microsoft.MCP\Microsoft.MCP.csproj", "{093164DA-20C2-EEC5-7574-A663458EAE2C}"
EndProject
Project("{FAE04EC0-301F-11D3-BF4B-00C04F79EFBC}") = "ServerDISample", "src\tests\ServerDISample\ServerDISample.csproj", "{A6BDDFF5-0C08-4D1D-A6A8-A1CEEE4829CF}"
EndProject
Project("{FAE04EC0-301F-11D3-BF4B-00C04F79EFBC}") = "HttpMCP", "src\tests\HttpMCP\HttpMCP.csproj", "{F072C27A-0C8C-4C44-A51E-9A0B0DD04555}"
EndProject
Project("{FAE04EC0-301F-11D3-BF4B-00C04F79EFBC}") = "StdioMCP", "src\tests\StdioMCP\StdioMCP.csproj", "{1D0FD2DB-9C75-4B0A-B159-A7FE9537086F}"
EndProject
Project("{FAE04EC0-301F-11D3-BF4B-00C04F79EFBC}") = "MCPConsoleTest", "src\tests\MCPConsoleTest\MCPConsoleTest.csproj", "{EFAC2AB4-D41C-4D5A-8BB4-2D2B60D59BBD}"
EndProject
Project("{FAE04EC0-301F-11D3-BF4B-00C04F79EFBC}") = "MCP", "src\MCP\MCP.csproj", "{A3D9FF0D-1CB5-43F0-A645-E7E16A3483D1}"
EndProject
Project("{FAE04EC0-301F-11D3-BF4B-00C04F79EFBC}") = "MCPConversationTest", "src\tests\MCPConversationTest\MCPConversationTest.csproj", "{B456BEF2-8942-4D47-97BA-FE2FD968F23A}"
EndProject
Global
	GlobalSection(SolutionConfigurationPlatforms) = preSolution
		Debug|Any CPU = Debug|Any CPU
		Release|Any CPU = Release|Any CPU
	EndGlobalSection
	GlobalSection(ProjectConfigurationPlatforms) = postSolution
		{093164DA-20C2-EEC5-7574-A663458EAE2C}.Debug|Any CPU.ActiveCfg = Debug|Any CPU
		{093164DA-20C2-EEC5-7574-A663458EAE2C}.Debug|Any CPU.Build.0 = Debug|Any CPU
		{093164DA-20C2-EEC5-7574-A663458EAE2C}.Release|Any CPU.ActiveCfg = Release|Any CPU
		{093164DA-20C2-EEC5-7574-A663458EAE2C}.Release|Any CPU.Build.0 = Release|Any CPU
		{A6BDDFF5-0C08-4D1D-A6A8-A1CEEE4829CF}.Debug|Any CPU.ActiveCfg = Debug|Any CPU
		{A6BDDFF5-0C08-4D1D-A6A8-A1CEEE4829CF}.Debug|Any CPU.Build.0 = Debug|Any CPU
		{A6BDDFF5-0C08-4D1D-A6A8-A1CEEE4829CF}.Release|Any CPU.ActiveCfg = Release|Any CPU
		{A6BDDFF5-0C08-4D1D-A6A8-A1CEEE4829CF}.Release|Any CPU.Build.0 = Release|Any CPU
		{F072C27A-0C8C-4C44-A51E-9A0B0DD04555}.Debug|Any CPU.ActiveCfg = Debug|Any CPU
		{F072C27A-0C8C-4C44-A51E-9A0B0DD04555}.Debug|Any CPU.Build.0 = Debug|Any CPU
		{F072C27A-0C8C-4C44-A51E-9A0B0DD04555}.Release|Any CPU.ActiveCfg = Release|Any CPU
		{F072C27A-0C8C-4C44-A51E-9A0B0DD04555}.Release|Any CPU.Build.0 = Release|Any CPU
		{1D0FD2DB-9C75-4B0A-B159-A7FE9537086F}.Debug|Any CPU.ActiveCfg = Debug|Any CPU
		{1D0FD2DB-9C75-4B0A-B159-A7FE9537086F}.Debug|Any CPU.Build.0 = Debug|Any CPU
		{1D0FD2DB-9C75-4B0A-B159-A7FE9537086F}.Release|Any CPU.ActiveCfg = Release|Any CPU
		{1D0FD2DB-9C75-4B0A-B159-A7FE9537086F}.Release|Any CPU.Build.0 = Release|Any CPU
		{EFAC2AB4-D41C-4D5A-8BB4-2D2B60D59BBD}.Debug|Any CPU.ActiveCfg = Debug|Any CPU
		{EFAC2AB4-D41C-4D5A-8BB4-2D2B60D59BBD}.Debug|Any CPU.Build.0 = Debug|Any CPU
		{EFAC2AB4-D41C-4D5A-8BB4-2D2B60D59BBD}.Release|Any CPU.ActiveCfg = Release|Any CPU
		{EFAC2AB4-D41C-4D5A-8BB4-2D2B60D59BBD}.Release|Any CPU.Build.0 = Release|Any CPU
		{A3D9FF0D-1CB5-43F0-A645-E7E16A3483D1}.Debug|Any CPU.ActiveCfg = Debug|Any CPU
		{A3D9FF0D-1CB5-43F0-A645-E7E16A3483D1}.Debug|Any CPU.Build.0 = Debug|Any CPU
		{A3D9FF0D-1CB5-43F0-A645-E7E16A3483D1}.Release|Any CPU.ActiveCfg = Release|Any CPU
		{A3D9FF0D-1CB5-43F0-A645-E7E16A3483D1}.Release|Any CPU.Build.0 = Release|Any CPU
		{B456BEF2-8942-4D47-97BA-FE2FD968F23A}.Debug|Any CPU.ActiveCfg = Debug|Any CPU
		{B456BEF2-8942-4D47-97BA-FE2FD968F23A}.Debug|Any CPU.Build.0 = Debug|Any CPU
		{B456BEF2-8942-4D47-97BA-FE2FD968F23A}.Release|Any CPU.ActiveCfg = Release|Any CPU
		{B456BEF2-8942-4D47-97BA-FE2FD968F23A}.Release|Any CPU.Build.0 = Release|Any CPU
	EndGlobalSection
	GlobalSection(SolutionProperties) = preSolution
		HideSolutionNode = FALSE
	EndGlobalSection
	GlobalSection(ExtensibilityGlobals) = postSolution
		SolutionGuid = {B8C8B9FA-17C6-4C71-97FD-9B1CF8E82797}
	EndGlobalSection
EndGlobal
