Microsoft Visual Studio Solution File, Format Version 12.00
# Visual Studio Version 17
VisualStudioVersion = 17.5.2.0
MinimumVisualStudioVersion = 10.0.40219.1
Project("{FAE04EC0-301F-11D3-BF4B-00C04F79EFBC}") = "Microsoft.Extensions.MCP", "Microsoft.Extensions.MCP.csproj", "{093164DA-20C2-EEC5-7574-A663458EAE2C}"
EndProject
Project("{FAE04EC0-301F-11D3-BF4B-00C04F79EFBC}") = "Microsoft.Extensions.MCP.Tests", "Microsoft.Extensions.MCP.Tests\Microsoft.Extensions.MCP.Tests.csproj", "{B5815E3C-36C1-4FEB-8EC3-6B9092FF9EF9}"
EndProject
Project("{FAE04EC0-301F-11D3-BF4B-00C04F79EFBC}") = "ServerDISample", "ServerDISample\ServerDISample.csproj", "{A6BDDFF5-0C08-4D1D-A6A8-A1CEEE4829CF}"
EndProject
Project("{FAE04EC0-301F-11D3-BF4B-00C04F79EFBC}") = "HttpMCP", "TestApp\HttpMCP\HttpMCP.csproj", "{F072C27A-0C8C-4C44-A51E-9A0B0DD04555}"
EndProject
Project("{FAE04EC0-301F-11D3-BF4B-00C04F79EFBC}") = "StdioMCP", "TestApp\StdioMCP\StdioMCP.csproj", "{1D0FD2DB-9C75-4B0A-B159-A7FE9537086F}"
EndProject
Global
	GlobalSection(SolutionConfigurationPlatforms) = preSolution
		Debug|Any CPU = Debug|Any CPU
		Release|Any CPU = Release|Any CPU
	EndGlobalSection
	GlobalSection(ProjectConfigurationPlatforms) = postSolution
		{093164DA-20C2-EEC5-7574-A663458EAE2C}.Debug|Any CPU.ActiveCfg = Debug|Any CPU
		{093164DA-20C2-EEC5-7574-A663458EAE2C}.Debug|Any CPU.Build.0 = Debug|Any CPU
		{093164DA-20C2-EEC5-7574-A663458EAE2C}.Release|Any CPU.ActiveCfg = Release|Any CPU
		{093164DA-20C2-EEC5-7574-A663458EAE2C}.Release|Any CPU.Build.0 = Release|Any CPU
		{B5815E3C-36C1-4FEB-8EC3-6B9092FF9EF9}.Debug|Any CPU.ActiveCfg = Debug|Any CPU
		{B5815E3C-36C1-4FEB-8EC3-6B9092FF9EF9}.Debug|Any CPU.Build.0 = Debug|Any CPU
		{B5815E3C-36C1-4FEB-8EC3-6B9092FF9EF9}.Release|Any CPU.ActiveCfg = Release|Any CPU
		{B5815E3C-36C1-4FEB-8EC3-6B9092FF9EF9}.Release|Any CPU.Build.0 = Release|Any CPU
		{A6BDDFF5-0C08-4D1D-A6A8-A1CEEE4829CF}.Debug|Any CPU.ActiveCfg = Debug|Any CPU
		{A6BDDFF5-0C08-4D1D-A6A8-A1CEEE4829CF}.Debug|Any CPU.Build.0 = Debug|Any CPU
		{A6BDDFF5-0C08-4D1D-A6A8-A1CEEE4829CF}.Release|Any CPU.ActiveCfg = Release|Any CPU
		{A6BDDFF5-0C08-4D1D-A6A8-A1CEEE4829CF}.Release|Any CPU.Build.0 = Release|Any CPU
		{F072C27A-0C8C-4C44-A51E-9A0B0DD04555}.Debug|Any CPU.ActiveCfg = Debug|Any CPU
		{F072C27A-0C8C-4C44-A51E-9A0B0DD04555}.Debug|Any CPU.Build.0 = Debug|Any CPU
		{F072C27A-0C8C-4C44-A51E-9A0B0DD04555}.Release|Any CPU.ActiveCfg = Release|Any CPU
		{F072C27A-0C8C-4C44-A51E-9A0B0DD04555}.Release|Any CPU.Build.0 = Release|Any CPU
		{1D0FD2DB-9C75-4B0A-B159-A7FE9537086F}.Debug|Any CPU.ActiveCfg = Debug|Any CPU
		{1D0FD2DB-9C75-4B0A-B159-A7FE9537086F}.Debug|Any CPU.Build.0 = Debug|Any CPU
		{1D0FD2DB-9C75-4B0A-B159-A7FE9537086F}.Release|Any CPU.ActiveCfg = Release|Any CPU
		{1D0FD2DB-9C75-4B0A-B159-A7FE9537086F}.Release|Any CPU.Build.0 = Release|Any CPU
	EndGlobalSection
	GlobalSection(SolutionProperties) = preSolution
		HideSolutionNode = FALSE
	EndGlobalSection
	GlobalSection(ExtensibilityGlobals) = postSolution
		SolutionGuid = {B8C8B9FA-17C6-4C71-97FD-9B1CF8E82797}
	EndGlobalSection
EndGlobal
