Microsoft Visual Studio Solution File, Format Version 12.00
# Visual Studio Version 17
VisualStudioVersion = 17.0.31903.59
MinimumVisualStudioVersion = 10.0.40219.1
Project("{9A19103F-16F7-4668-BE54-9A1E7A4F7556}") = "HttpMCP", "HttpMCP\HttpMCP.csproj", "{F072C27A-0C8C-4C44-A51E-9A0B0DD04555}"
EndProject
Project("{9A19103F-16F7-4668-BE54-9A1E7A4F7556}") = "StdioMCP", "StdioMCP\StdioMCP.csproj", "{1D0FD2DB-9C75-4B0A-B159-A7FE9537086F}"
EndProject
Project("{9A19103F-16F7-4668-BE54-9A1E7A4F7556}") = "Microsoft.Extensions.MCP", "..\Microsoft.Extensions.MCP.csproj", "{42C1F52A-6735-43E6-B0D0-F4CECAD52E23}"
EndProject
Global
	GlobalSection(SolutionConfigurationPlatforms) = preSolution
		Debug|Any CPU = Debug|Any CPU
		Release|Any CPU = Release|Any CPU
	EndGlobalSection
	GlobalSection(ProjectConfigurationPlatforms) = postSolution
		{F072C27A-0C8C-4C44-A51E-9A0B0DD04555}.Debug|Any CPU.ActiveCfg = Debug|Any CPU
		{F072C27A-0C8C-4C44-A51E-9A0B0DD04555}.Debug|Any CPU.Build.0 = Debug|Any CPU
		{F072C27A-0C8C-4C44-A51E-9A0B0DD04555}.Release|Any CPU.ActiveCfg = Release|Any CPU
		{F072C27A-0C8C-4C44-A51E-9A0B0DD04555}.Release|Any CPU.Build.0 = Release|Any CPU
		{1D0FD2DB-9C75-4B0A-B159-A7FE9537086F}.Debug|Any CPU.ActiveCfg = Debug|Any CPU
		{1D0FD2DB-9C75-4B0A-B159-A7FE9537086F}.Debug|Any CPU.Build.0 = Debug|Any CPU
		{1D0FD2DB-9C75-4B0A-B159-A7FE9537086F}.Release|Any CPU.ActiveCfg = Release|Any CPU
		{1D0FD2DB-9C75-4B0A-B159-A7FE9537086F}.Release|Any CPU.Build.0 = Release|Any CPU
		{42C1F52A-6735-43E6-B0D0-F4CECAD52E23}.Debug|Any CPU.ActiveCfg = Debug|Any CPU
		{42C1F52A-6735-43E6-B0D0-F4CECAD52E23}.Debug|Any CPU.Build.0 = Debug|Any CPU
		{42C1F52A-6735-43E6-B0D0-F4CECAD52E23}.Release|Any CPU.ActiveCfg = Release|Any CPU
		{42C1F52A-6735-43E6-B0D0-F4CECAD52E23}.Release|Any CPU.Build.0 = Release|Any CPU
	EndGlobalSection
	GlobalSection(SolutionProperties) = preSolution
		HideSolutionNode = FALSE
	EndGlobalSection
	GlobalSection(ExtensibilityGlobals) = postSolution
		SolutionGuid = {6E4A3EF6-14A0-4D4B-A0AF-32324D6E8A0D}
	EndGlobalSection
EndGlobal